
Microsoft Visual Studio Solution File, Format Version 12.00
# Visual Studio 15
VisualStudioVersion = 15.0.27130.2036
MinimumVisualStudioVersion = 10.0.40219.1
Project("{F184B08F-C81C-45F6-A57F-5ABD9991F28F}") = "INSTALLER-devtools", "INSTALLER-devtools\INSTALLER-devtools.vbproj", "{905EA169-C18A-4C1C-865D-E3C1B709CBCE}"
EndProject
Global
	GlobalSection(SolutionConfigurationPlatforms) = preSolution
		Debug|Any CPU = Debug|Any CPU
		Release|Any CPU = Release|Any CPU
	EndGlobalSection
	GlobalSection(ProjectConfigurationPlatforms) = postSolution
		{905EA169-C18A-4C1C-865D-E3C1B709CBCE}.Debug|Any CPU.ActiveCfg = Debug|Any CPU
		{905EA169-C18A-4C1C-865D-E3C1B709CBCE}.Debug|Any CPU.Build.0 = Debug|Any CPU
		{905EA169-C18A-4C1C-865D-E3C1B709CBCE}.Release|Any CPU.ActiveCfg = Release|Any CPU
		{905EA169-C18A-4C1C-865D-E3C1B709CBCE}.Release|Any CPU.Build.0 = Release|Any CPU
	EndGlobalSection
	GlobalSection(SolutionProperties) = preSolution
		HideSolutionNode = FALSE
	EndGlobalSection
	GlobalSection(ExtensibilityGlobals) = postSolution
		SolutionGuid = {06A5C826-D9B2-4837-A54B-AC326BCF912D}
	EndGlobalSection
EndGlobal
